
Microsoft Visual Studio Solution File, Format Version 12.00
# Visual Studio Version 17
VisualStudioVersion = 17.10.34928.147
MinimumVisualStudioVersion = 10.0.40219.1
Project("{FAE04EC0-301F-11D3-BF4B-00C04F79EFBC}") = "EMSProject", "EMSProject\EMSProject.csproj", "{F1D3A735-B5FB-4FBB-80E2-F33701E1EAFB}"
EndProject
Global
	GlobalSection(SolutionConfigurationPlatforms) = preSolution
		Debug|Any CPU = Debug|Any CPU
		Release|Any CPU = Release|Any CPU
	EndGlobalSection
	GlobalSection(ProjectConfigurationPlatforms) = postSolution
		{F1D3A735-B5FB-4FBB-80E2-F33701E1EAFB}.Debug|Any CPU.ActiveCfg = Debug|Any CPU
		{F1D3A735-B5FB-4FBB-80E2-F33701E1EAFB}.Debug|Any CPU.Build.0 = Debug|Any CPU
		{F1D3A735-B5FB-4FBB-80E2-F33701E1EAFB}.Release|Any CPU.ActiveCfg = Release|Any CPU
		{F1D3A735-B5FB-4FBB-80E2-F33701E1EAFB}.Release|Any CPU.Build.0 = Release|Any CPU
	EndGlobalSection
	GlobalSection(SolutionProperties) = preSolution
		HideSolutionNode = FALSE
	EndGlobalSection
	GlobalSection(ExtensibilityGlobals) = postSolution
		SolutionGuid = {FD38AE6E-AD86-44E4-89A4-3BC7DB6B1119}
	EndGlobalSection
EndGlobal
